
Microsoft Visual Studio Solution File, Format Version 11.00
# Visual Studio 2010
Project("{8BC9CEB8-8B4A-11D0-8D11-00A0C91BC942}") = "testZlib", "testZlib\testZlib.vcxproj", "{3A4FAA46-B0FD-4276-B8BF-1947CD7CCBC7}"
EndProject
Project("{8BC9CEB8-8B4A-11D0-8D11-00A0C91BC942}") = "testhttp", "testhttp\testhttp.vcxproj", "{09D69D81-641A-4808-B236-63B829EC70F3}"
EndProject
Project("{8BC9CEB8-8B4A-11D0-8D11-00A0C91BC942}") = "testjsion", "testjsion\testjsion.vcxproj", "{F75C5DF0-B074-4185-9C32-59353C692AC7}"
EndProject
Project("{8BC9CEB8-8B4A-11D0-8D11-00A0C91BC942}") = "testLog", "testLog\testLog.vcxproj", "{EB87F401-FE97-4116-B313-CB76584FB3F4}"
EndProject
Project("{8BC9CEB8-8B4A-11D0-8D11-00A0C91BC942}") = "testhttpclient", "testhttpclient\testhttpclient.vcxproj", "{40781F21-9E0E-4A09-B06B-8ABC26BE8A37}"
EndProject
Global
	GlobalSection(SolutionConfigurationPlatforms) = preSolution
		Debug|Win32 = Debug|Win32
		Release|Win32 = Release|Win32
	EndGlobalSection
	GlobalSection(ProjectConfigurationPlatforms) = postSolution
		{3A4FAA46-B0FD-4276-B8BF-1947CD7CCBC7}.Debug|Win32.ActiveCfg = Debug|Win32
		{3A4FAA46-B0FD-4276-B8BF-1947CD7CCBC7}.Debug|Win32.Build.0 = Debug|Win32
		{3A4FAA46-B0FD-4276-B8BF-1947CD7CCBC7}.Release|Win32.ActiveCfg = Release|Win32
		{3A4FAA46-B0FD-4276-B8BF-1947CD7CCBC7}.Release|Win32.Build.0 = Release|Win32
		{09D69D81-641A-4808-B236-63B829EC70F3}.Debug|Win32.ActiveCfg = Debug|Win32
		{09D69D81-641A-4808-B236-63B829EC70F3}.Debug|Win32.Build.0 = Debug|Win32
		{09D69D81-641A-4808-B236-63B829EC70F3}.Release|Win32.ActiveCfg = Release|Win32
		{09D69D81-641A-4808-B236-63B829EC70F3}.Release|Win32.Build.0 = Release|Win32
		{F75C5DF0-B074-4185-9C32-59353C692AC7}.Debug|Win32.ActiveCfg = Debug|Win32
		{F75C5DF0-B074-4185-9C32-59353C692AC7}.Debug|Win32.Build.0 = Debug|Win32
		{F75C5DF0-B074-4185-9C32-59353C692AC7}.Release|Win32.ActiveCfg = Release|Win32
		{F75C5DF0-B074-4185-9C32-59353C692AC7}.Release|Win32.Build.0 = Release|Win32
		{EB87F401-FE97-4116-B313-CB76584FB3F4}.Debug|Win32.ActiveCfg = Debug|Win32
		{EB87F401-FE97-4116-B313-CB76584FB3F4}.Debug|Win32.Build.0 = Debug|Win32
		{EB87F401-FE97-4116-B313-CB76584FB3F4}.Release|Win32.ActiveCfg = Release|Win32
		{EB87F401-FE97-4116-B313-CB76584FB3F4}.Release|Win32.Build.0 = Release|Win32
		{40781F21-9E0E-4A09-B06B-8ABC26BE8A37}.Debug|Win32.ActiveCfg = Debug|Win32
		{40781F21-9E0E-4A09-B06B-8ABC26BE8A37}.Debug|Win32.Build.0 = Debug|Win32
		{40781F21-9E0E-4A09-B06B-8ABC26BE8A37}.Release|Win32.ActiveCfg = Release|Win32
		{40781F21-9E0E-4A09-B06B-8ABC26BE8A37}.Release|Win32.Build.0 = Release|Win32
	EndGlobalSection
	GlobalSection(SolutionProperties) = preSolution
		HideSolutionNode = FALSE
	EndGlobalSection
EndGlobal
