<?xml version="1.0" encoding="utf-8"?>
<Project ToolsVersion="4.0" xmlns="http://schemas.microsoft.com/developer/msbuild/2003">
  <ItemGroup>
    <Filter Include="Source Files">
      <UniqueIdentifier>{4FC737F1-C7A5-4376-A066-2A32D752A2FF}</UniqueIdentifier>
      <Extensions>cpp;c;cc;cxx;def;odl;idl;hpj;bat;asm;asmx</Extensions>
    </Filter>
    <Filter Include="Header Files">
      <UniqueIdentifier>{93995380-89BD-4b04-88EB-625FBE52EBFB}</UniqueIdentifier>
      <Extensions>h;hpp;hxx;hm;inl;inc;xsd</Extensions>
    </Filter>
    <Filter Include="Resource Files">
      <UniqueIdentifier>{67DA6AB6-F800-4c08-8B7A-83BB121AAD01}</UniqueIdentifier>
      <Extensions>rc;ico;cur;bmp;dlg;rc2;rct;bin;rgs;gif;jpg;jpeg;jpe;resx;tiff;tif;png;wav;mfcribbon-ms</Extensions>
    </Filter>
  </ItemGroup>
  <ItemGroup>
    <None Include="ReadMe.txt" />
  </ItemGroup>
  <ItemGroup>
    <ClInclude Include="ajp13.h">
      <Filter>Header Files</Filter>
    </ClInclude>
    <ClInclude Include="Ajp13Socket.h">
      <Filter>Header Files</Filter>
    </ClInclude>
    <ClInclude Include="AjpBaseSocket.h">
      <Filter>Header Files</Filter>
    </ClInclude>
    <ClInclude Include="Base64.h">
      <Filter>Header Files</Filter>
    </ClInclude>
    <ClInclude Include="Debug.h">
      <Filter>Header Files</Filter>
    </ClInclude>
    <ClInclude Include="Event.h">
      <Filter>Header Files</Filter>
    </ClInclude>
    <ClInclude Include="EventHandler.h">
      <Filter>Header Files</Filter>
    </ClInclude>
    <ClInclude Include="EventTime.h">
      <Filter>Header Files</Filter>
    </ClInclude>
    <ClInclude Include="Exception.h">
      <Filter>Header Files</Filter>
    </ClInclude>
    <ClInclude Include="File.h">
      <Filter>Header Files</Filter>
    </ClInclude>
    <ClInclude Include="FileStream.h">
      <Filter>Header Files</Filter>
    </ClInclude>
    <ClInclude Include="HttpBaseSocket.h">
      <Filter>Header Files</Filter>
    </ClInclude>
    <ClInclude Include="HttpClientSocket.h">
      <Filter>Header Files</Filter>
    </ClInclude>
    <ClInclude Include="HttpdCookies.h">
      <Filter>Header Files</Filter>
    </ClInclude>
    <ClInclude Include="HttpDebugSocket.h">
      <Filter>Header Files</Filter>
    </ClInclude>
    <ClInclude Include="HttpdForm.h">
      <Filter>Header Files</Filter>
    </ClInclude>
    <ClInclude Include="HttpdSocket.h">
      <Filter>Header Files</Filter>
    </ClInclude>
    <ClInclude Include="HttpGetSocket.h">
      <Filter>Header Files</Filter>
    </ClInclude>
    <ClInclude Include="HttpPostSocket.h">
      <Filter>Header Files</Filter>
    </ClInclude>
    <ClInclude Include="HttpPutSocket.h">
      <Filter>Header Files</Filter>
    </ClInclude>
    <ClInclude Include="HttpRequest.h">
      <Filter>Header Files</Filter>
    </ClInclude>
    <ClInclude Include="HttpResponse.h">
      <Filter>Header Files</Filter>
    </ClInclude>
    <ClInclude Include="HTTPSocket.h">
      <Filter>Header Files</Filter>
    </ClInclude>
    <ClInclude Include="HttpTransaction.h">
      <Filter>Header Files</Filter>
    </ClInclude>
    <ClInclude Include="IBase.h">
      <Filter>Header Files</Filter>
    </ClInclude>
    <ClInclude Include="IEventHandler.h">
      <Filter>Header Files</Filter>
    </ClInclude>
    <ClInclude Include="IEventOwner.h">
      <Filter>Header Files</Filter>
    </ClInclude>
    <ClInclude Include="IFile.h">
      <Filter>Header Files</Filter>
    </ClInclude>
    <ClInclude Include="IFileUpload.h">
      <Filter>Header Files</Filter>
    </ClInclude>
    <ClInclude Include="IHttpServer.h">
      <Filter>Header Files</Filter>
    </ClInclude>
    <ClInclude Include="IModel.h">
      <Filter>Header Files</Filter>
    </ClInclude>
    <ClInclude Include="IMutex.h">
      <Filter>Header Files</Filter>
    </ClInclude>
    <ClInclude Include="Ipv4Address.h">
      <Filter>Header Files</Filter>
    </ClInclude>
    <ClInclude Include="Ipv6Address.h">
      <Filter>Header Files</Filter>
    </ClInclude>
    <ClInclude Include="ISocketHandler.h">
      <Filter>Header Files</Filter>
    </ClInclude>
    <ClInclude Include="IStream.h">
      <Filter>Header Files</Filter>
    </ClInclude>
    <ClInclude Include="Json.h">
      <Filter>Header Files</Filter>
    </ClInclude>
    <ClInclude Include="ListenSocket.h">
      <Filter>Header Files</Filter>
    </ClInclude>
    <ClInclude Include="Lock.h">
      <Filter>Header Files</Filter>
    </ClInclude>
    <ClInclude Include="MemFile.h">
      <Filter>Header Files</Filter>
    </ClInclude>
    <ClInclude Include="Mutex.h">
      <Filter>Header Files</Filter>
    </ClInclude>
    <ClInclude Include="Parse.h">
      <Filter>Header Files</Filter>
    </ClInclude>
    <ClInclude Include="ResolvServer.h">
      <Filter>Header Files</Filter>
    </ClInclude>
    <ClInclude Include="ResolvSocket.h">
      <Filter>Header Files</Filter>
    </ClInclude>
    <ClInclude Include="SctpSocket.h">
      <Filter>Header Files</Filter>
    </ClInclude>
    <ClInclude Include="Semaphore.h">
      <Filter>Header Files</Filter>
    </ClInclude>
    <ClInclude Include="SmtpdSocket.h">
      <Filter>Header Files</Filter>
    </ClInclude>
    <ClInclude Include="Socket.h">
      <Filter>Header Files</Filter>
    </ClInclude>
    <ClInclude Include="socket_include.h">
      <Filter>Header Files</Filter>
    </ClInclude>
    <ClInclude Include="SocketAddress.h">
      <Filter>Header Files</Filter>
    </ClInclude>
    <ClInclude Include="SocketHandler.h">
      <Filter>Header Files</Filter>
    </ClInclude>
    <ClInclude Include="SocketHandlerEp.h">
      <Filter>Header Files</Filter>
    </ClInclude>
    <ClInclude Include="SocketHandlerThread.h">
      <Filter>Header Files</Filter>
    </ClInclude>
    <ClInclude Include="sockets-config.h">
      <Filter>Header Files</Filter>
    </ClInclude>
    <ClInclude Include="SocketStream.h">
      <Filter>Header Files</Filter>
    </ClInclude>
    <ClInclude Include="SocketThread.h">
      <Filter>Header Files</Filter>
    </ClInclude>
    <ClInclude Include="SSLInitializer.h">
      <Filter>Header Files</Filter>
    </ClInclude>
    <ClInclude Include="StdLog.h">
      <Filter>Header Files</Filter>
    </ClInclude>
    <ClInclude Include="StdoutLog.h">
      <Filter>Header Files</Filter>
    </ClInclude>
    <ClInclude Include="StreamSocket.h">
      <Filter>Header Files</Filter>
    </ClInclude>
    <ClInclude Include="StreamWriter.h">
      <Filter>Header Files</Filter>
    </ClInclude>
    <ClInclude Include="TcpSocket.h">
      <Filter>Header Files</Filter>
    </ClInclude>
    <ClInclude Include="Thread.h">
      <Filter>Header Files</Filter>
    </ClInclude>
    <ClInclude Include="UdpSocket.h">
      <Filter>Header Files</Filter>
    </ClInclude>
    <ClInclude Include="Utility.h">
      <Filter>Header Files</Filter>
    </ClInclude>
    <ClInclude Include="XmlDocument.h">
      <Filter>Header Files</Filter>
    </ClInclude>
    <ClInclude Include="XmlException.h">
      <Filter>Header Files</Filter>
    </ClInclude>
    <ClInclude Include="XmlNode.h">
      <Filter>Header Files</Filter>
    </ClInclude>
  </ItemGroup>
  <ItemGroup>
    <ClCompile Include="Ajp13Socket.cpp">
      <Filter>Source Files</Filter>
    </ClCompile>
    <ClCompile Include="AjpBaseSocket.cpp">
      <Filter>Source Files</Filter>
    </ClCompile>
    <ClCompile Include="Base64.cpp">
      <Filter>Source Files</Filter>
    </ClCompile>
    <ClCompile Include="Debug.cpp">
      <Filter>Source Files</Filter>
    </ClCompile>
    <ClCompile Include="Event.cpp">
      <Filter>Source Files</Filter>
    </ClCompile>
    <ClCompile Include="EventHandler.cpp">
      <Filter>Source Files</Filter>
    </ClCompile>
    <ClCompile Include="EventTime.cpp">
      <Filter>Source Files</Filter>
    </ClCompile>
    <ClCompile Include="Exception.cpp">
      <Filter>Source Files</Filter>
    </ClCompile>
    <ClCompile Include="File.cpp">
      <Filter>Source Files</Filter>
    </ClCompile>
    <ClCompile Include="FileStream.cpp">
      <Filter>Source Files</Filter>
    </ClCompile>
    <ClCompile Include="HttpBaseSocket.cpp">
      <Filter>Source Files</Filter>
    </ClCompile>
    <ClCompile Include="HttpClientSocket.cpp">
      <Filter>Source Files</Filter>
    </ClCompile>
    <ClCompile Include="HttpdCookies.cpp">
      <Filter>Source Files</Filter>
    </ClCompile>
    <ClCompile Include="HttpDebugSocket.cpp">
      <Filter>Source Files</Filter>
    </ClCompile>
    <ClCompile Include="HttpdForm.cpp">
      <Filter>Source Files</Filter>
    </ClCompile>
    <ClCompile Include="HttpdSocket.cpp">
      <Filter>Source Files</Filter>
    </ClCompile>
    <ClCompile Include="HttpGetSocket.cpp">
      <Filter>Source Files</Filter>
    </ClCompile>
    <ClCompile Include="HttpPostSocket.cpp">
      <Filter>Source Files</Filter>
    </ClCompile>
    <ClCompile Include="HttpPutSocket.cpp">
      <Filter>Source Files</Filter>
    </ClCompile>
    <ClCompile Include="HttpRequest.cpp">
      <Filter>Source Files</Filter>
    </ClCompile>
    <ClCompile Include="HttpResponse.cpp">
      <Filter>Source Files</Filter>
    </ClCompile>
    <ClCompile Include="HTTPSocket.cpp">
      <Filter>Source Files</Filter>
    </ClCompile>
    <ClCompile Include="HttpTransaction.cpp">
      <Filter>Source Files</Filter>
    </ClCompile>
    <ClCompile Include="IEventOwner.cpp">
      <Filter>Source Files</Filter>
    </ClCompile>
    <ClCompile Include="Ipv4Address.cpp">
      <Filter>Source Files</Filter>
    </ClCompile>
    <ClCompile Include="Ipv6Address.cpp">
      <Filter>Source Files</Filter>
    </ClCompile>
    <ClCompile Include="Json.cpp">
      <Filter>Source Files</Filter>
    </ClCompile>
    <ClCompile Include="Lock.cpp">
      <Filter>Source Files</Filter>
    </ClCompile>
    <ClCompile Include="MemFile.cpp">
      <Filter>Source Files</Filter>
    </ClCompile>
    <ClCompile Include="Mutex.cpp">
      <Filter>Source Files</Filter>
    </ClCompile>
    <ClCompile Include="Parse.cpp">
      <Filter>Source Files</Filter>
    </ClCompile>
    <ClCompile Include="ResolvServer.cpp">
      <Filter>Source Files</Filter>
    </ClCompile>
    <ClCompile Include="ResolvSocket.cpp">
      <Filter>Source Files</Filter>
    </ClCompile>
    <ClCompile Include="SctpSocket.cpp">
      <Filter>Source Files</Filter>
    </ClCompile>
    <ClCompile Include="Semaphore.cpp">
      <Filter>Source Files</Filter>
    </ClCompile>
    <ClCompile Include="SmtpdSocket.cpp">
      <Filter>Source Files</Filter>
    </ClCompile>
    <ClCompile Include="Socket.cpp">
      <Filter>Source Files</Filter>
    </ClCompile>
    <ClCompile Include="socket_include.cpp">
      <Filter>Source Files</Filter>
    </ClCompile>
    <ClCompile Include="SocketHandler.cpp">
      <Filter>Source Files</Filter>
    </ClCompile>
    <ClCompile Include="SocketHandlerEp.cpp">
      <Filter>Source Files</Filter>
    </ClCompile>
    <ClCompile Include="SocketHandlerThread.cpp">
      <Filter>Source Files</Filter>
    </ClCompile>
    <ClCompile Include="SocketStream.cpp">
      <Filter>Source Files</Filter>
    </ClCompile>
    <ClCompile Include="SocketThread.cpp">
      <Filter>Source Files</Filter>
    </ClCompile>
    <ClCompile Include="SSLInitializer.cpp">
      <Filter>Source Files</Filter>
    </ClCompile>
    <ClCompile Include="StdoutLog.cpp">
      <Filter>Source Files</Filter>
    </ClCompile>
    <ClCompile Include="StreamSocket.cpp">
      <Filter>Source Files</Filter>
    </ClCompile>
    <ClCompile Include="StreamWriter.cpp">
      <Filter>Source Files</Filter>
    </ClCompile>
    <ClCompile Include="TcpSocket.cpp">
      <Filter>Source Files</Filter>
    </ClCompile>
    <ClCompile Include="Thread.cpp">
      <Filter>Source Files</Filter>
    </ClCompile>
    <ClCompile Include="UdpSocket.cpp">
      <Filter>Source Files</Filter>
    </ClCompile>
    <ClCompile Include="Utility.cpp">
      <Filter>Source Files</Filter>
    </ClCompile>
    <ClCompile Include="XmlDocument.cpp">
      <Filter>Source Files</Filter>
    </ClCompile>
    <ClCompile Include="XmlException.cpp">
      <Filter>Source Files</Filter>
    </ClCompile>
    <ClCompile Include="XmlNode.cpp">
      <Filter>Source Files</Filter>
    </ClCompile>
  </ItemGroup>
</Project>